Microsoft Visual Studio Solution File, Format Version 7.00
Project("{8BC9CEB8-8B4A-11D0-8D11-00A0C91BC942}") = "TraceWin", "TraceWin.vcproj", "{0B72AE0E-4215-4FF3-9316-4CCEC4D6E12A}"
EndProject
Global
	GlobalSection(SolutionConfiguration) = preSolution
		ConfigName.0 = Debug
		ConfigName.1 = Release
	EndGlobalSection
	GlobalSection(ProjectDependencies) = postSolution
	EndGlobalSection
	GlobalSection(ProjectConfiguration) = postSolution
		{0B72AE0E-4215-4FF3-9316-4CCEC4D6E12A}.Debug.ActiveCfg = Debug|Win32
		{0B72AE0E-4215-4FF3-9316-4CCEC4D6E12A}.Debug.Build.0 = Debug|Win32
		{0B72AE0E-4215-4FF3-9316-4CCEC4D6E12A}.Release.ActiveCfg = Release|Win32
		{0B72AE0E-4215-4FF3-9316-4CCEC4D6E12A}.Release.Build.0 = Release|Win32
	EndGlobalSection
	GlobalSection(ExtensibilityGlobals) = postSolution
	EndGlobalSection
	GlobalSection(ExtensibilityAddIns) = postSolution
	EndGlobalSection
EndGlobal
