Microsoft Visual Studio Solution File, Format Version 7.00
Project("{FAE04EC0-301F-11D3-BF4B-00C04F79EFBC}") = "Server", "Server\Server.csproj", "{959D4E5A-B600-424D-8B7A-69010DB8C06A}"
EndProject
Project("{FAE04EC0-301F-11D3-BF4B-00C04F79EFBC}") = "Client", "Client\Client.csproj", "{07772E9A-59B8-4044-90C9-7C4F3D2B4AE3}"
EndProject
Global
	GlobalSection(SolutionConfiguration) = preSolution
		ConfigName.0 = Debug
		ConfigName.1 = Release
	EndGlobalSection
	GlobalSection(ProjectDependencies) = postSolution
	EndGlobalSection
	GlobalSection(ProjectConfiguration) = postSolution
		{959D4E5A-B600-424D-8B7A-69010DB8C06A}.Debug.ActiveCfg = Debug|.NET
		{959D4E5A-B600-424D-8B7A-69010DB8C06A}.Debug.Build.0 = Debug|.NET
		{959D4E5A-B600-424D-8B7A-69010DB8C06A}.Release.ActiveCfg = Release|.NET
		{959D4E5A-B600-424D-8B7A-69010DB8C06A}.Release.Build.0 = Release|.NET
		{07772E9A-59B8-4044-90C9-7C4F3D2B4AE3}.Debug.ActiveCfg = Debug|.NET
		{07772E9A-59B8-4044-90C9-7C4F3D2B4AE3}.Debug.Build.0 = Debug|.NET
		{07772E9A-59B8-4044-90C9-7C4F3D2B4AE3}.Release.ActiveCfg = Release|.NET
		{07772E9A-59B8-4044-90C9-7C4F3D2B4AE3}.Release.Build.0 = Release|.NET
	EndGlobalSection
	GlobalSection(ExtensibilityGlobals) = postSolution
	EndGlobalSection
	GlobalSection(ExtensibilityAddIns) = postSolution
	EndGlobalSection
EndGlobal
