Microsoft Visual Studio Solution File, Format Version 7.00
Project("{FAE04EC0-301F-11D3-BF4B-00C04F79EFBC}") = "MathService", "http://localhost/MathService/MathService.csproj", "{B9E8E42F-1857-4C99-9B1E-F38C556F53DF}"
EndProject
Global
	GlobalSection(SolutionConfiguration) = preSolution
		ConfigName.0 = Debug
		ConfigName.1 = Release
	EndGlobalSection
	GlobalSection(ProjectDependencies) = postSolution
	EndGlobalSection
	GlobalSection(ProjectConfiguration) = postSolution
		{B9E8E42F-1857-4C99-9B1E-F38C556F53DF}.Debug.ActiveCfg = Debug|.NET
		{B9E8E42F-1857-4C99-9B1E-F38C556F53DF}.Debug.Build.0 = Debug|.NET
		{B9E8E42F-1857-4C99-9B1E-F38C556F53DF}.Release.ActiveCfg = Release|.NET
		{B9E8E42F-1857-4C99-9B1E-F38C556F53DF}.Release.Build.0 = Release|.NET
	EndGlobalSection
	GlobalSection(ExtensibilityGlobals) = postSolution
	EndGlobalSection
	GlobalSection(ExtensibilityAddIns) = postSolution
	EndGlobalSection
EndGlobal
